
Microsoft Visual Studio Solution File, Format Version 12.00
# Visual Studio 15
VisualStudioVersion = 15.0.27703.2026
MinimumVisualStudioVersion = 10.0.40219.1
Project("{FAE04EC0-301F-11D3-BF4B-00C04F79EFBC}") = "Image_islemleri", "Image_islemleri\Image_islemleri.csproj", "{6C82AC13-D68F-42A5-A695-61ED203A1633}"
EndProject
Global
	GlobalSection(SolutionConfigurationPlatforms) = preSolution
		Debug|Any CPU = Debug|Any CPU
		Release|Any CPU = Release|Any CPU
	EndGlobalSection
	GlobalSection(ProjectConfigurationPlatforms) = postSolution
		{6C82AC13-D68F-42A5-A695-61ED203A1633}.Debug|Any CPU.ActiveCfg = Debug|Any CPU
		{6C82AC13-D68F-42A5-A695-61ED203A1633}.Debug|Any CPU.Build.0 = Debug|Any CPU
		{6C82AC13-D68F-42A5-A695-61ED203A1633}.Release|Any CPU.ActiveCfg = Release|Any CPU
		{6C82AC13-D68F-42A5-A695-61ED203A1633}.Release|Any CPU.Build.0 = Release|Any CPU
	EndGlobalSection
	GlobalSection(SolutionProperties) = preSolution
		HideSolutionNode = FALSE
	EndGlobalSection
	GlobalSection(ExtensibilityGlobals) = postSolution
		SolutionGuid = {F938A51B-BA17-4A0F-A510-0D1E29E7E385}
	EndGlobalSection
EndGlobal
